
Microsoft Visual Studio Solution File, Format Version 12.00
Project("{FAE04EC0-301F-11D3-BF4B-00C04F79EFBC}") = "ConsoleApp5", "ConsoleApp5\ConsoleApp5.csproj", "{A3DEDF5B-B76A-443F-809F-D5F7C0FBCD1B}"
EndProject
Global
	GlobalSection(SolutionConfigurationPlatforms) = preSolution
		Debug|Any CPU = Debug|Any CPU
		Release|Any CPU = Release|Any CPU
	EndGlobalSection
	GlobalSection(ProjectConfigurationPlatforms) = postSolution
		{A3DEDF5B-B76A-443F-809F-D5F7C0FBCD1B}.Debug|Any CPU.ActiveCfg = Debug|Any CPU
		{A3DEDF5B-B76A-443F-809F-D5F7C0FBCD1B}.Debug|Any CPU.Build.0 = Debug|Any CPU
		{A3DEDF5B-B76A-443F-809F-D5F7C0FBCD1B}.Release|Any CPU.ActiveCfg = Release|Any CPU
		{A3DEDF5B-B76A-443F-809F-D5F7C0FBCD1B}.Release|Any CPU.Build.0 = Release|Any CPU
	EndGlobalSection
EndGlobal
